// !$*UTF8*$!
{
	archiveVersion = 1;
	classes = {
	};
	objectVersion = 46;
	objects = {

/* Begin PBXBuildFile section */
		86B0B9171BC1255E0024C4CB /* AddUserViewController.swift in Sources */ = {isa = PBXBuildFile; fileRef = 86B0B9161BC1255E0024C4CB /* AddUserViewController.swift */; settings = {ASSET_TAGS = (); }; };
		86FAE7E41BBC007100776915 /* AppDelegate.swift in Sources */ = {isa = PBXBuildFile; fileRef = 86FAE7E31BBC007100776915 /* AppDelegate.swift */; };
		86FAE7E61BBC007100776915 /* ViewController.swift in Sources */ = {isa = PBXBuildFile; fileRef = 86FAE7E51BBC007100776915 /* ViewController.swift */; };
		86FAE7E91BBC007100776915 /* Main.storyboard in Resources */ = {isa = PBXBuildFile; fileRef = 86FAE7E71BBC007100776915 /* Main.storyboard */; };
		86FAE7EB1BBC007100776915 /* Assets.xcassets in Resources */ = {isa = PBXBuildFile; fileRef = 86FAE7EA1BBC007100776915 /* Assets.xcassets */; };
		86FAE7EE1BBC007100776915 /* LaunchScreen.storyboard in Resources */ = {isa = PBXBuildFile; fileRef = 86FAE7EC1BBC007100776915 /* LaunchScreen.storyboard */; };
/* End PBXBuildFile section */

/* Begin PBXFileReference section */
		86B0B9161BC1255E0024C4CB /* AddUserViewController.swift */ = {isa = PBXFileReference; fileEncoding = 4; lastKnownFileType = sourcecode.swift; path = AddUserViewController.swift; sourceTree = "<group>"; };
		86FAE7E01BBC007100776915 /* AppShortCut.app */ = {isa = PBXFileReference; explicitFileType = wrapper.application; includeInIndex = 0; path = AppShortCut.app; sourceTree = BUILT_PRODUCTS_DIR; };
		86FAE7E31BBC007100776915 /* AppDelegate.swift */ = {isa = PBXFileReference; lastKnownFileType = sourcecode.swift; path = AppDelegate.swift; sourceTree = "<group>"; };
		86FAE7E51BBC007100776915 /* ViewController.swift */ = {isa = PBXFileReference; lastKnownFileType = sourcecode.swift; path = ViewController.swift; sourceTree = "<group>"; };
		86FAE7E81BBC007100776915 /* Base */ = {isa = PBXFileReference; lastKnownFileType = file.storyboard; name = Base; path = Base.lproj/Main.storyboard; sourceTree = "<group>"; };
		86FAE7EA1BBC007100776915 /* Assets.xcassets */ = {isa = PBXFileReference; lastKnownFileType = folder.assetcatalog; path = Assets.xcassets; sourceTree = "<group>"; };
		86FAE7ED1BBC007100776915 /* Base */ = {isa = PBXFileReference; lastKnownFileType = file.storyboard; name = Base; path = Base.lproj/LaunchScreen.storyboard; sourceTree = "<group>"; };
		86FAE7EF1BBC007100776915 /* Info.plist */ = {isa = PBXFileReference; lastKnownFileType = text.plist.xml; path = Info.plist; sourceTree = "<group>"; };
/* End PBXFileReference section */

/* Begin PBXFrameworksBuildPhase section */
		86FAE7DD1BBC007100776915 /* Frameworks */ = {
			isa = PBXFrameworksBuildPhase;
			buildActionMask = 2147483647;
			files = (
			);
			runOnlyForDeploymentPostprocessing = 0;
		};
/* End PBXFrameworksBuildPhase section */

/* Begin PBXGroup section */
		86FAE7D71BBC007100776915 = {
			isa = PBXGroup;
			children = (
				86FAE7E21BBC007100776915 /* AppShortCut */,
				86FAE7E11BBC007100776915 /* Products */,
			);
			sourceTree = "<group>";
		};
		86FAE7E11BBC007100776915 /* Products */ = {
			isa = PBXGroup;
			children = (
				86FAE7E01BBC007100776915 /* AppShortCut.app */,
			);
			name = Products;
			sourceTree = "<group>";
		};
		86FAE7E21BBC007100776915 /* AppShortCut */ = {
			isa = PBXGroup;
			children = (
				86FAE7E31BBC007100776915 /* AppDelegate.swift */,
				86B0B9161BC1255E0024C4CB /* AddUserViewController.swift */,
				86FAE7E51BBC007100776915 /* ViewController.swift */,
				86FAE7E71BBC007100776915 /* Main.storyboard */,
				86FAE7EA1BBC007100776915 /* Assets.xcassets */,
				86FAE7EC1BBC007100776915 /* LaunchScreen.storyboard */,
				86FAE7EF1BBC007100776915 /* Info.plist */,
			);
			path = AppShortCut;
			sourceTree = "<group>";
		};
/* End PBXGroup section */

/* Begin PBXNativeTarget section */
		86FAE7DF1BBC007100776915 /* AppShortCut */ = {
			isa = PBXNativeTarget;
			buildConfigurationList = 86FAE7F21BBC007100776915 /* Build configuration list for PBXNativeTarget "AppShortCut" */;
			buildPhases = (
				86FAE7DC1BBC007100776915 /* Sources */,
				86FAE7DD1BBC007100776915 /* Frameworks */,
				86FAE7DE1BBC007100776915 /* Resources */,
			);
			buildRules = (
			);
			dependencies = (
			);
			name = AppShortCut;
			productName = AppShortCut;
			productReference = 86FAE7E01BBC007100776915 /* AppShortCut.app */;
			productType = "com.apple.product-type.application";
		};
/* End PBXNativeTarget section */

/* Begin PBXProject section */
		86FAE7D81BBC007100776915 /* Project object */ = {
			isa = PBXProject;
			attributes = {
				LastUpgradeCheck = 0700;
				ORGANIZATIONNAME = "Frederik Jacques";
				TargetAttributes = {
					86FAE7DF1BBC007100776915 = {
						CreatedOnToolsVersion = 7.0.1;
						DevelopmentTeam = FEHW9JL2T8;
					};
				};
			};
			buildConfigurationList = 86FAE7DB1BBC007100776915 /* Build configuration list for PBXProject "AppShortCut" */;
			compatibilityVersion = "Xcode 3.2";
			developmentRegion = English;
			hasScannedForEncodings = 0;
			knownRegions = (
				en,
				Base,
			);
			mainGroup = 86FAE7D71BBC007100776915;
			productRefGroup = 86FAE7E11BBC007100776915 /* Products */;
			projectDirPath = "";
			projectRoot = "";
			targets = (
				86FAE7DF1BBC007100776915 /* AppShortCut */,
			);
		};
/* End PBXProject section */

/* Begin PBXResourcesBuildPhase section */
		86FAE7DE1BBC007100776915 /* Resources */ = {
			isa = PBXResourcesBuildPhase;
			buildActionMask = 2147483647;
			files = (
				86FAE7EE1BBC007100776915 /* LaunchScreen.storyboard in Resources */,
				86FAE7EB1BBC007100776915 /* Assets.xcassets in Resources */,
				86FAE7E91BBC007100776915 /* Main.storyboard in Resources */,
			);
			runOnlyForDeploymentPostprocessing = 0;
		};
/* End PBXResourcesBuildPhase section */

/* Begin PBXSourcesBuildPhase section */
		86FAE7DC1BBC007100776915 /* Sources */ = {
			isa = PBXSourcesBuildPhase;
			buildActionMask = 2147483647;
			files = (
				86FAE7E61BBC007100776915 /* ViewController.swift in Sources */,
				86B0B9171BC1255E0024C4CB /* AddUserViewController.swift in Sources */,
				86FAE7E41BBC007100776915 /* AppDelegate.swift in Sources */,
			);
			runOnlyForDeploymentPostprocessing = 0;
		};
/* End PBXSourcesBuildPhase section */

/* Begin PBXVariantGroup section */
		86FAE7E71BBC007100776915 /* Main.storyboard */ = {
			isa = PBXVariantGroup;
			children = (
				86FAE7E81BBC007100776915 /* Base */,
			);
			name = Main.storyboard;
			sourceTree = "<group>";
		};
		86FAE7EC1BBC007100776915 /* LaunchScreen.storyboard */ = {
			isa = PBXVariantGroup;
			children = (
				86FAE7ED1BBC007100776915 /* Base */,
			);
			name = LaunchScreen.storyboard;
			sourceTree = "<group>";
		};
/* End PBXVariantGroup section */

/* Begin XCBuildConfiguration section */
		86FAE7F01BBC007100776915 /* Debug */ = {
			isa = XCBuildConfiguration;
			buildSettings = {
				ALWAYS_SEARCH_USER_PATHS = NO;
				CLANG_CXX_LANGUAGE_STANDARD = "gnu++0x";
				CLANG_CXX_LIBRARY = "libc++";
				CLANG_ENABLE_MODULES = YES;
				CLANG_ENABLE_OBJC_ARC = YES;
				CLANG_WARN_BOOL_CONVERSION = YES;
				CLANG_WARN_CONSTANT_CONVERSION = YES;
				CLANG_WARN_DIRECT_OBJC_ISA_USAGE = YES_ERROR;
				CLANG_WARN_EMPTY_BODY = YES;
				CLANG_WARN_ENUM_CONVERSION = YES;
				CLANG_WARN_INT_CONVERSION = YES;
				CLANG_WARN_OBJC_ROOT_CLASS = YES_ERROR;
				CLANG_WARN_UNREACHABLE_CODE = YES;
				CLANG_WARN__DUPLICATE_METHOD_MATCH = YES;
				"CODE_SIGN_IDENTITY[sdk=iphoneos*]" = "iPhone Developer";
				COPY_PHASE_STRIP = NO;
				DEBUG_INFORMATION_FORMAT = dwarf;
				ENABLE_STRICT_OBJC_MSGSEND = YES;
				ENABLE_TESTABILITY = YES;
				GCC_C_LANGUAGE_STANDARD = gnu99;
				GCC_DYNAMIC_NO_PIC = NO;
				GCC_NO_COMMON_BLOCKS = YES;
				GCC_OPTIMIZATION_LEVEL = 0;
				GCC_PREPROCESSOR_DEFINITIONS = (
					"DEBUG=1",
					"$(inherited)",
				);
				GCC_WARN_64_TO_32_BIT_CONVERSION = YES;
				GCC_WARN_ABOUT_RETURN_TYPE = YES_ERROR;
				GCC_WARN_UNDECLARED_SELECTOR = YES;
				GCC_WARN_UNINITIALIZED_AUTOS = YES_AGGRESSIVE;
				GCC_WARN_UNUSED_FUNCTION = YES;
				GCC_WARN_UNUSED_VARIABLE = YES;
				IPHONEOS_DEPLOYMENT_TARGET = 9.0;
				MTL_ENABLE_DEBUG_INFO = YES;
				ONLY_ACTIVE_ARCH = YES;
				SDKROOT = iphoneos;
				SWIFT_OPTIMIZATION_LEVEL = "-Onone";
				TARGETED_DEVICE_FAMILY = "1,2";
			};
			name = Debug;
		};
		86FAE7F11BBC007100776915 /* Release */ = {
			isa = XCBuildConfiguration;
			buildSettings = {
				ALWAYS_SEARCH_USER_PATHS = NO;
				CLANG_CXX_LANGUAGE_STANDARD = "gnu++0x";
				CLANG_CXX_LIBRARY = "libc++";
				CLANG_ENABLE_MODULES = YES;
				CLANG_ENABLE_OBJC_ARC = YES;
				CLANG_WARN_BOOL_CONVERSION = YES;
				CLANG_WARN_CONSTANT_CONVERSION = YES;
				CLANG_WARN_DIRECT_OBJC_ISA_USAGE = YES_ERROR;
				CLANG_WARN_EMPTY_BODY = YES;
				CLANG_WARN_ENUM_CONVERSION = YES;
				CLANG_WARN_INT_CONVERSION = YES;
				CLANG_WARN_OBJC_ROOT_CLASS = YES_ERROR;
				CLANG_WARN_UNREACHABLE_CODE = YES;
				CLANG_WARN__DUPLICATE_METHOD_MATCH = YES;
				"CODE_SIGN_IDENTITY[sdk=iphoneos*]" = "iPhone Developer";
				COPY_PHASE_STRIP = NO;
				DEBUG_INFORMATION_FORMAT = "dwarf-with-dsym";
				ENABLE_NS_ASSERTIONS = NO;
				ENABLE_STRICT_OBJC_MSGSEND = YES;
				GCC_C_LANGUAGE_STANDARD = gnu99;
				GCC_NO_COMMON_BLOCKS = YES;
				GCC_WARN_64_TO_32_BIT_CONVERSION = YES;
				GCC_WARN_ABOUT_RETURN_TYPE = YES_ERROR;
				GCC_WARN_UNDECLARED_SELECTOR = YES;
				GCC_WARN_UNINITIALIZED_AUTOS = YES_AGGRESSIVE;
				GCC_WARN_UNUSED_FUNCTION = YES;
				GCC_WARN_UNUSED_VARIABLE = YES;
				IPHONEOS_DEPLOYMENT_TARGET = 9.0;
				MTL_ENABLE_DEBUG_INFO = NO;
				SDKROOT = iphoneos;
				TARGETED_DEVICE_FAMILY = "1,2";
				VALIDATE_PRODUCT = YES;
			};
			name = Release;
		};
		86FAE7F31BBC007100776915 /* Debug */ = {
			isa = XCBuildConfiguration;
			buildSettings = {
				ASSETCATALOG_COMPILER_APPICON_NAME = AppIcon;
				CODE_SIGN_IDENTITY = "iPhone Developer";
				"CODE_SIGN_IDENTITY[sdk=iphoneos*]" = "iPhone Developer";
				INFOPLIST_FILE = AppShortCut/Info.plist;
				LD_RUNPATH_SEARCH_PATHS = "$(inherited) @executable_path/Frameworks";
				PRODUCT_BUNDLE_IDENTIFIER = be.thenerd.sandbox.AppShortCut;
				PRODUCT_NAME = "$(TARGET_NAME)";
				PROVISIONING_PROFILE = "";
			};
			name = Debug;
		};
		86FAE7F41BBC007100776915 /* Release */ = {
			isa = XCBuildConfiguration;
			buildSettings = {
				ASSETCATALOG_COMPILER_APPICON_NAME = AppIcon;
				CODE_SIGN_IDENTITY = "iPhone Developer";
				"CODE_SIGN_IDENTITY[sdk=iphoneos*]" = "iPhone Developer";
				INFOPLIST_FILE = AppShortCut/Info.plist;
				LD_RUNPATH_SEARCH_PATHS = "$(inherited) @executable_path/Frameworks";
				PRODUCT_BUNDLE_IDENTIFIER = be.thenerd.sandbox.AppShortCut;
				PRODUCT_NAME = "$(TARGET_NAME)";
				PROVISIONING_PROFILE = "";
			};
			name = Release;
		};
/* End XCBuildConfiguration section */

/* Begin XCConfigurationList section */
		86FAE7DB1BBC007100776915 /* Build configuration list for PBXProject "AppShortCut" */ = {
			isa = XCConfigurationList;
			buildConfigurations = (
				86FAE7F01BBC007100776915 /* Debug */,
				86FAE7F11BBC007100776915 /* Release */,
			);
			defaultConfigurationIsVisible = 0;
			defaultConfigurationName = Release;
		};
		86FAE7F21BBC007100776915 /* Build configuration list for PBXNativeTarget "AppShortCut" */ = {
			isa = XCConfigurationList;
			buildConfigurations = (
				86FAE7F31BBC007100776915 /* Debug */,
				86FAE7F41BBC007100776915 /* Release */,
			);
			defaultConfigurationIsVisible = 0;
			defaultConfigurationName = Release;
		};
/* End XCConfigurationList section */
	};
	rootObject = 86FAE7D81BBC007100776915 /* Project object */;
}
